
Microsoft Visual Studio Solution File, Format Version 12.00
# Visual Studio Version 17
VisualStudioVersion = 17.8.34330.188
MinimumVisualStudioVersion = 10.0.40219.1
Project("{FAE04EC0-301F-11D3-BF4B-00C04F79EFBC}") = "AuthService", "AuthService.csproj", "{68C019FB-8F8F-452D-A0D1-391F26456478}"
EndProject
Global
	GlobalSection(SolutionConfigurationPlatforms) = preSolution
		Debug|Any CPU = Debug|Any CPU
		Release|Any CPU = Release|Any CPU
	EndGlobalSection
	GlobalSection(ProjectConfigurationPlatforms) = postSolution
		{68C019FB-8F8F-452D-A0D1-391F26456478}.Debug|Any CPU.ActiveCfg = Debug|Any CPU
		{68C019FB-8F8F-452D-A0D1-391F26456478}.Debug|Any CPU.Build.0 = Debug|Any CPU
		{68C019FB-8F8F-452D-A0D1-391F26456478}.Release|Any CPU.ActiveCfg = Release|Any CPU
		{68C019FB-8F8F-452D-A0D1-391F26456478}.Release|Any CPU.Build.0 = Release|Any CPU
	EndGlobalSection
	GlobalSection(SolutionProperties) = preSolution
		HideSolutionNode = FALSE
	EndGlobalSection
	GlobalSection(ExtensibilityGlobals) = postSolution
		SolutionGuid = {8647919F-7D34-49D8-BB86-8C00E022BD62}
	EndGlobalSection
EndGlobal
